
Microsoft Visual Studio Solution File, Format Version 12.00
# Visual Studio Version 16
VisualStudioVersion = 16.0.30717.126
MinimumVisualStudioVersion = 10.0.40219.1
Project("{FAE04EC0-301F-11D3-BF4B-00C04F79EFBC}") = "Coursework_Client", "Coursework_Client.csproj", "{01C1F215-4515-41F6-9B78-0A8EAC28B24E}"
EndProject
Global
	GlobalSection(SolutionConfigurationPlatforms) = preSolution
		Debug|Any CPU = Debug|Any CPU
		Release|Any CPU = Release|Any CPU
	EndGlobalSection
	GlobalSection(ProjectConfigurationPlatforms) = postSolution
		{01C1F215-4515-41F6-9B78-0A8EAC28B24E}.Debug|Any CPU.ActiveCfg = Debug|Any CPU
		{01C1F215-4515-41F6-9B78-0A8EAC28B24E}.Debug|Any CPU.Build.0 = Debug|Any CPU
		{01C1F215-4515-41F6-9B78-0A8EAC28B24E}.Release|Any CPU.ActiveCfg = Release|Any CPU
		{01C1F215-4515-41F6-9B78-0A8EAC28B24E}.Release|Any CPU.Build.0 = Release|Any CPU
	EndGlobalSection
	GlobalSection(SolutionProperties) = preSolution
		HideSolutionNode = FALSE
	EndGlobalSection
	GlobalSection(ExtensibilityGlobals) = postSolution
		SolutionGuid = {EFB7D225-B087-49DC-9DA4-6CCA0ACD97E0}
	EndGlobalSection
EndGlobal
